
Microsoft Visual Studio Solution File, Format Version 12.00
# Visual Studio Version 16
VisualStudioVersion = 16.0.31019.35
MinimumVisualStudioVersion = 10.0.40219.1
Project("{9A19103F-16F7-4668-BE54-9A1E7A4F7556}") = "BoobieBusiness", "BoobieBusiness\BoobieBusiness.csproj", "{06DFEAB6-8007-44AD-AAA6-3899FB2CC91E}"
EndProject
Project("{00D1A9C2-B5F0-4AF3-8072-F6C62B433612}") = "BBData", "BBData\BBData.sqlproj", "{1E88D045-1DC0-4DD9-BDAE-4058CD76D9A0}"
EndProject
Project("{2150E333-8FDC-42A3-9474-1A3956D46DE8}") = "Solution Items", "Solution Items", "{ECA70816-D405-462C-9B05-20CEB0CFA73D}"
	ProjectSection(SolutionItems) = preProject
		README.md = README.md
		Requirements_Specs.md = Requirements_Specs.md
	EndProjectSection
EndProject
Project("{2150E333-8FDC-42A3-9474-1A3956D46DE8}") = "JPEG Images", "JPEG Images", "{82F01D31-80CE-4503-AE8E-CEE5531803C9}"
	ProjectSection(SolutionItems) = preProject
		Project ERD.jpg = Project ERD.jpg
		Screen1.JPG = Screen1.JPG
		Screen2.JPG = Screen2.JPG
		Screen3.JPG = Screen3.JPG
		Screen4.JPG = Screen4.JPG
		Screen5.JPG = Screen5.JPG
		Screen6.JPG = Screen6.JPG
		Screen7.JPG = Screen7.JPG
		UML.JPG = UML.JPG
	EndProjectSection
EndProject
Global
	GlobalSection(SolutionConfigurationPlatforms) = preSolution
		Debug|Any CPU = Debug|Any CPU
		Release|Any CPU = Release|Any CPU
	EndGlobalSection
	GlobalSection(ProjectConfigurationPlatforms) = postSolution
		{06DFEAB6-8007-44AD-AAA6-3899FB2CC91E}.Debug|Any CPU.ActiveCfg = Debug|Any CPU
		{06DFEAB6-8007-44AD-AAA6-3899FB2CC91E}.Debug|Any CPU.Build.0 = Debug|Any CPU
		{06DFEAB6-8007-44AD-AAA6-3899FB2CC91E}.Release|Any CPU.ActiveCfg = Release|Any CPU
		{06DFEAB6-8007-44AD-AAA6-3899FB2CC91E}.Release|Any CPU.Build.0 = Release|Any CPU
		{1E88D045-1DC0-4DD9-BDAE-4058CD76D9A0}.Debug|Any CPU.ActiveCfg = Debug|Any CPU
		{1E88D045-1DC0-4DD9-BDAE-4058CD76D9A0}.Debug|Any CPU.Build.0 = Debug|Any CPU
		{1E88D045-1DC0-4DD9-BDAE-4058CD76D9A0}.Debug|Any CPU.Deploy.0 = Debug|Any CPU
		{1E88D045-1DC0-4DD9-BDAE-4058CD76D9A0}.Release|Any CPU.ActiveCfg = Release|Any CPU
		{1E88D045-1DC0-4DD9-BDAE-4058CD76D9A0}.Release|Any CPU.Build.0 = Release|Any CPU
		{1E88D045-1DC0-4DD9-BDAE-4058CD76D9A0}.Release|Any CPU.Deploy.0 = Release|Any CPU
	EndGlobalSection
	GlobalSection(SolutionProperties) = preSolution
		HideSolutionNode = FALSE
	EndGlobalSection
	GlobalSection(NestedProjects) = preSolution
		{82F01D31-80CE-4503-AE8E-CEE5531803C9} = {ECA70816-D405-462C-9B05-20CEB0CFA73D}
	EndGlobalSection
	GlobalSection(ExtensibilityGlobals) = postSolution
		SolutionGuid = {C3ED4FD2-5947-40D3-ACC5-116E149BA2D2}
	EndGlobalSection
EndGlobal
